<?xml version="1.0" encoding="utf-8"?>
<Project ToolsVersion="4.0" xmlns="http://schemas.microsoft.com/developer/msbuild/2003">
  <ItemGroup>
    <Filter Include="Source Files">
      <UniqueIdentifier>{4FC737F1-C7A5-4376-A066-2A32D752A2FF}</UniqueIdentifier>
      <Extensions>cpp;c;cc;cxx;c++;def;odl;idl;hpj;bat;asm;asmx</Extensions>
    </Filter>
    <Filter Include="Header Files">
      <UniqueIdentifier>{93995380-89BD-4b04-88EB-625FBE52EBFB}</UniqueIdentifier>
      <Extensions>h;hh;hpp;hxx;h++;hm;inl;inc;ipp;xsd</Extensions>
    </Filter>
    <Filter Include="Resource Files">
      <UniqueIdentifier>{67DA6AB6-F800-4c08-8B7A-83BB121AAD01}</UniqueIdentifier>
      <Extensions>rc;ico;cur;bmp;dlg;rc2;rct;bin;rgs;gif;jpg;jpeg;jpe;resx;tiff;tif;png;wav;mfcribbon-ms</Extensions>
    </Filter>
  </ItemGroup>
  <ItemGroup>
    <ClInclude Include="DirectX.DXGI.h">
      <Filter>Header Files</Filter>
    </ClInclude>
    <ClInclude Include="Resource.h">
      <Filter>Header Files</Filter>
    </ClInclude>
    <ClInclude Include="pch.h">
      <Filter>Header Files</Filter>
    </ClInclude>
    <ClInclude Include="DXGI_FORMAT.h">
      <Filter>Header Files</Filter>
    </ClInclude>
    <ClInclude Include="DXGI_Message_Id.h">
      <Filter>Header Files</Filter>
    </ClInclude>
    <ClInclude Include="DXGI_RGB.h">
      <Filter>Header Files</Filter>
    </ClInclude>
    <ClInclude Include="DXGI_RGBA.h">
      <Filter>Header Files</Filter>
    </ClInclude>
    <ClInclude Include="DXGI_GAMMA_CONTROL.h">
      <Filter>Header Files</Filter>
    </ClInclude>
    <ClInclude Include="DXGI_GAMMA_CONTROL_CAPABILITIES.h">
      <Filter>Header Files</Filter>
    </ClInclude>
    <ClInclude Include="DXGI_MODE_SCANLINE_ORDER.h">
      <Filter>Header Files</Filter>
    </ClInclude>
    <ClInclude Include="DXGI_MODE_SCALING.h">
      <Filter>Header Files</Filter>
    </ClInclude>
    <ClInclude Include="DXGI_MODE_ROTATION.h">
      <Filter>Header Files</Filter>
    </ClInclude>
    <ClInclude Include="DXGI_RATIONAL.h">
      <Filter>Header Files</Filter>
    </ClInclude>
    <ClInclude Include="DXGI_SAMPLE_DESC.h">
      <Filter>Header Files</Filter>
    </ClInclude>
    <ClInclude Include="DXGI_COLOR_SPACE_TYPE.h">
      <Filter>Header Files</Filter>
    </ClInclude>
    <ClInclude Include="DXGI_MODE_DESC.h">
      <Filter>Header Files</Filter>
    </ClInclude>
    <ClInclude Include="DXGI_JPEG_DC_HUFFMAN_TABLE.h">
      <Filter>Header Files</Filter>
    </ClInclude>
    <ClInclude Include="DXGI_JPEG_AC_HUFFMAN_TABLE.h">
      <Filter>Header Files</Filter>
    </ClInclude>
    <ClInclude Include="DXGI_JPEG_QUANTIZATION_TABLE.h">
      <Filter>Header Files</Filter>
    </ClInclude>
    <ClInclude Include="Debug_classes\DXGI_DEBUG_RLO_FLAGS.h">
      <Filter>Header Files</Filter>
    </ClInclude>
    <ClInclude Include="Debug_classes\DXGI_INFO_QUEUE_FILTER.h">
      <Filter>Header Files</Filter>
    </ClInclude>
    <ClInclude Include="Debug_classes\DXGI_INFO_QUEUE_FILTER_DESC.h">
      <Filter>Header Files</Filter>
    </ClInclude>
    <ClInclude Include="Debug_classes\DXGI_INFO_QUEUE_MESSAGE.h">
      <Filter>Header Files</Filter>
    </ClInclude>
    <ClInclude Include="Debug_classes\DXGI_INFO_QUEUE_MESSAGE_CATEGORY.h">
      <Filter>Header Files</Filter>
    </ClInclude>
    <ClInclude Include="Debug_classes\DXGI_INFO_QUEUE_MESSAGE_SEVERITY.h">
      <Filter>Header Files</Filter>
    </ClInclude>
    <ClInclude Include="Debug_classes\DXGIDebug.h">
      <Filter>Header Files</Filter>
    </ClInclude>
    <ClInclude Include="Debug_classes\IDXGIDebug.h">
      <Filter>Header Files</Filter>
    </ClInclude>
    <ClInclude Include="Debug_classes\IDXGIDebug1.h">
      <Filter>Header Files</Filter>
    </ClInclude>
    <ClInclude Include="Debug_classes\IDXGIInfoQueue.h">
      <Filter>Header Files</Filter>
    </ClInclude>
    <ClInclude Include="DXGI_MAPPED_RECT.h">
      <Filter>Header Files</Filter>
    </ClInclude>
    <ClInclude Include="DXGI_FRAME_STATISTICS.h">
      <Filter>Header Files</Filter>
    </ClInclude>
    <ClInclude Include="DXGI_ADAPTER_DESC.h">
      <Filter>Header Files</Filter>
    </ClInclude>
    <ClInclude Include="DXGI_OUTPUT_DESC.h">
      <Filter>Header Files</Filter>
    </ClInclude>
    <ClInclude Include="DXGI_SHARED_RESOURCE.h">
      <Filter>Header Files</Filter>
    </ClInclude>
    <ClInclude Include="DXGI_RESIDENCY.h">
      <Filter>Header Files</Filter>
    </ClInclude>
    <ClInclude Include="DXGI_SURFACE_DESC.h">
      <Filter>Header Files</Filter>
    </ClInclude>
    <ClInclude Include="DXGI_SWAP_EFFECT.h">
      <Filter>Header Files</Filter>
    </ClInclude>
    <ClInclude Include="DXGI_SWAP_CHAIN_FLAG.h">
      <Filter>Header Files</Filter>
    </ClInclude>
    <ClInclude Include="DXGI_SWAP_CHAIN_DESC.h">
      <Filter>Header Files</Filter>
    </ClInclude>
    <ClInclude Include="DXGI.h">
      <Filter>Header Files</Filter>
    </ClInclude>
    <ClInclude Include="IDXGIObject.h">
      <Filter>Header Files</Filter>
    </ClInclude>
    <ClInclude Include="IDXGIDeviceSubObject.h">
      <Filter>Header Files</Filter>
    </ClInclude>
    <ClInclude Include="IDXGIResource.h">
      <Filter>Header Files</Filter>
    </ClInclude>
    <ClInclude Include="IDXGIKeyedMutex.h">
      <Filter>Header Files</Filter>
    </ClInclude>
    <ClInclude Include="IDXGISurface.h">
      <Filter>Header Files</Filter>
    </ClInclude>
    <ClInclude Include="IDXGISurface1.h">
      <Filter>Header Files</Filter>
    </ClInclude>
    <ClInclude Include="IUnmanagedReference.h">
      <Filter>Header Files</Filter>
    </ClInclude>
    <ClInclude Include="IDXGIAdapter.h">
      <Filter>Header Files</Filter>
    </ClInclude>
    <ClInclude Include="IDXGIOutput.h">
      <Filter>Header Files</Filter>
    </ClInclude>
    <ClInclude Include="IDXGISwapChain.h">
      <Filter>Header Files</Filter>
    </ClInclude>
    <ClInclude Include="IDXGIFactory.h">
      <Filter>Header Files</Filter>
    </ClInclude>
    <ClInclude Include="IDXGIDevice.h">
      <Filter>Header Files</Filter>
    </ClInclude>
    <ClInclude Include="DXGI_ADAPTER_FLAG.h">
      <Filter>Header Files</Filter>
    </ClInclude>
    <ClInclude Include="DXGI_ADAPTER_DESC1.h">
      <Filter>Header Files</Filter>
    </ClInclude>
    <ClInclude Include="DXGI_DISPLAY_COLOR_SPACE.h">
      <Filter>Header Files</Filter>
    </ClInclude>
    <ClInclude Include="IDXGIFactory1.h">
      <Filter>Header Files</Filter>
    </ClInclude>
    <ClInclude Include="IDXGIAdapter1.h">
      <Filter>Header Files</Filter>
    </ClInclude>
    <ClInclude Include="IDXGIDevice1.h">
      <Filter>Header Files</Filter>
    </ClInclude>
    <ClInclude Include="IDXGIDisplayControl.h">
      <Filter>Header Files</Filter>
    </ClInclude>
    <ClInclude Include="DXGI_OUTDUPL_MOVE_RECT.h">
      <Filter>Header Files</Filter>
    </ClInclude>
    <ClInclude Include="DXGI_OUTDUPL_DESC.h">
      <Filter>Header Files</Filter>
    </ClInclude>
    <ClInclude Include="DXGI_OUTDUPL_POINTER_POSITION.h">
      <Filter>Header Files</Filter>
    </ClInclude>
    <ClInclude Include="DXGI_OUTDUPL_POINTER_SHAPE_TYPE.h">
      <Filter>Header Files</Filter>
    </ClInclude>
    <ClInclude Include="DXGI_OUTDUPL_POINTER_SHAPE_INFO.h">
      <Filter>Header Files</Filter>
    </ClInclude>
    <ClInclude Include="DXGI_OUTDUPL_FRAME_INFO.h">
      <Filter>Header Files</Filter>
    </ClInclude>
    <ClInclude Include="IDXGIOutputDuplication.h">
      <Filter>Header Files</Filter>
    </ClInclude>
    <ClInclude Include="DXGI_ALPHA_MODE.h">
      <Filter>Header Files</Filter>
    </ClInclude>
    <ClInclude Include="IDXGISurface2.h">
      <Filter>Header Files</Filter>
    </ClInclude>
    <ClInclude Include="IDXGIResource1.h">
      <Filter>Header Files</Filter>
    </ClInclude>
    <ClInclude Include="IDXGIDevice2.h">
      <Filter>Header Files</Filter>
    </ClInclude>
    <ClInclude Include="DXGI_MODE_DESC1.h">
      <Filter>Header Files</Filter>
    </ClInclude>
    <ClInclude Include="DXGI_SCALING.h">
      <Filter>Header Files</Filter>
    </ClInclude>
    <ClInclude Include="DXGI_SWAP_CHAIN_DESC1.h">
      <Filter>Header Files</Filter>
    </ClInclude>
    <ClInclude Include="DXGI_SWAP_CHAIN_FULLSCREEN_DESC.h">
      <Filter>Header Files</Filter>
    </ClInclude>
    <ClInclude Include="DXGI_PRESENT_PARAMETERS.h">
      <Filter>Header Files</Filter>
    </ClInclude>
    <ClInclude Include="IDXGISwapChain1.h">
      <Filter>Header Files</Filter>
    </ClInclude>
    <ClInclude Include="IDXGIFactory2.h">
      <Filter>Header Files</Filter>
    </ClInclude>
    <ClInclude Include="DXGI_GRAPHICS_PREEMPTION_GRANULARITY.h">
      <Filter>Header Files</Filter>
    </ClInclude>
    <ClInclude Include="DXGI_COMPUTE_PREEMPTION_GRANULARITY.h">
      <Filter>Header Files</Filter>
    </ClInclude>
    <ClInclude Include="DXGI_ADAPTER_DESC2.h">
      <Filter>Header Files</Filter>
    </ClInclude>
    <ClInclude Include="IDXGIAdapter2.h">
      <Filter>Header Files</Filter>
    </ClInclude>
    <ClInclude Include="IDXGIOutput1.h">
      <Filter>Header Files</Filter>
    </ClInclude>
    <ClInclude Include="IDXGIDevice3.h">
      <Filter>Header Files</Filter>
    </ClInclude>
    <ClInclude Include="DXGI_MATRIX_3X2_F.h">
      <Filter>Header Files</Filter>
    </ClInclude>
    <ClInclude Include="IDXGISwapChain2.h">
      <Filter>Header Files</Filter>
    </ClInclude>
    <ClInclude Include="IDXGIOutput2.h">
      <Filter>Header Files</Filter>
    </ClInclude>
    <ClInclude Include="IDXGIFactory3.h">
      <Filter>Header Files</Filter>
    </ClInclude>
    <ClInclude Include="DXGI_DECODE_SWAP_CHAIN_DESC.h">
      <Filter>Header Files</Filter>
    </ClInclude>
    <ClInclude Include="DXGI_MULTIPLANE_OVERLAY_YCbCr_FLAGS.h">
      <Filter>Header Files</Filter>
    </ClInclude>
    <ClInclude Include="IDXGIDecodeSwapChain.h">
      <Filter>Header Files</Filter>
    </ClInclude>
    <ClInclude Include="IDXGIFactoryMedia.h">
      <Filter>Header Files</Filter>
    </ClInclude>
    <ClInclude Include="DXGI_FRAME_PRESENTATION_MODE.h">
      <Filter>Header Files</Filter>
    </ClInclude>
    <ClInclude Include="DXGI_FRAME_STATISTICS_MEDIA.h">
      <Filter>Header Files</Filter>
    </ClInclude>
    <ClInclude Include="IDXGISwapChainMedia.h">
      <Filter>Header Files</Filter>
    </ClInclude>
    <ClInclude Include="DXGI_OVERLAY_SUPPORT_FLAG.h">
      <Filter>Header Files</Filter>
    </ClInclude>
    <ClInclude Include="IDXGIOutput3.h">
      <Filter>Header Files</Filter>
    </ClInclude>
    <ClInclude Include="DXGI_SWAP_CHAIN_COLOR_SPACE_SUPPORT_FLAG.h">
      <Filter>Header Files</Filter>
    </ClInclude>
    <ClInclude Include="IDXGISwapChain3.h">
      <Filter>Header Files</Filter>
    </ClInclude>
    <ClInclude Include="DXGI_OVERLAY_COLOR_SPACE_SUPPORT_FLAG.h">
      <Filter>Header Files</Filter>
    </ClInclude>
    <ClInclude Include="IDXGIOutput4.h">
      <Filter>Header Files</Filter>
    </ClInclude>
    <ClInclude Include="IDXGIFactory4.h">
      <Filter>Header Files</Filter>
    </ClInclude>
    <ClInclude Include="DXGI_MEMORY_SEGMENT_GROUP.h">
      <Filter>Header Files</Filter>
    </ClInclude>
    <ClInclude Include="DXGI_QUERY_VIDEO_MEMORY_INFO.h">
      <Filter>Header Files</Filter>
    </ClInclude>
    <ClInclude Include="IDXGIAdapter3.h">
      <Filter>Header Files</Filter>
    </ClInclude>
    <ClInclude Include="DXGI_OUTDUPL_FLAG.h">
      <Filter>Header Files</Filter>
    </ClInclude>
    <ClInclude Include="IDXGIOutput5.h">
      <Filter>Header Files</Filter>
    </ClInclude>
    <ClInclude Include="DXGI_HDR_METADATA_TYPE.h">
      <Filter>Header Files</Filter>
    </ClInclude>
    <ClInclude Include="DXGI_HDR_METADATA_HDR10.h">
      <Filter>Header Files</Filter>
    </ClInclude>
    <ClInclude Include="DXGI_HDR_METADATA_HDR10PLUS.h">
      <Filter>Header Files</Filter>
    </ClInclude>
    <ClInclude Include="IDXGISwapChain4.h">
      <Filter>Header Files</Filter>
    </ClInclude>
    <ClInclude Include="DXGI_OFFER_RESOURCE_FLAGS.h">
      <Filter>Header Files</Filter>
    </ClInclude>
    <ClInclude Include="DXGI_RECLAIM_RESOURCE_RESULTS.h">
      <Filter>Header Files</Filter>
    </ClInclude>
    <ClInclude Include="IDXGIDevice4.h">
      <Filter>Header Files</Filter>
    </ClInclude>
    <ClInclude Include="DXGI_OFFER_RESOURCE_PRIORITY.h">
      <Filter>Header Files</Filter>
    </ClInclude>
    <ClInclude Include="DXGI_FEATURE.h">
      <Filter>Header Files</Filter>
    </ClInclude>
    <ClInclude Include="IDXGIFactory5.h">
      <Filter>Header Files</Filter>
    </ClInclude>
    <ClInclude Include="DXGI_ADAPTER_FLAG3.h">
      <Filter>Header Files</Filter>
    </ClInclude>
    <ClInclude Include="DXGI_ADAPTER_DESC3.h">
      <Filter>Header Files</Filter>
    </ClInclude>
    <ClInclude Include="IDXGIAdapter4.h">
      <Filter>Header Files</Filter>
    </ClInclude>
    <ClInclude Include="DXGI_OUTPUT_DESC1.h">
      <Filter>Header Files</Filter>
    </ClInclude>
    <ClInclude Include="DXGI_HARDWARE_COMPOSITION_SUPPORT_FLAGS.h">
      <Filter>Header Files</Filter>
    </ClInclude>
    <ClInclude Include="IDXGIOutput6.h">
      <Filter>Header Files</Filter>
    </ClInclude>
    <ClInclude Include="DXGI_GPU_PREFERENCE.h">
      <Filter>Header Files</Filter>
    </ClInclude>
    <ClInclude Include="IDXGIFactory6.h">
      <Filter>Header Files</Filter>
    </ClInclude>
    <ClInclude Include="IDXGIFactory7.h">
      <Filter>Header Files</Filter>
    </ClInclude>
  </ItemGroup>
  <ItemGroup>
    <ClCompile Include="DirectX.DXGI.cpp">
      <Filter>Source Files</Filter>
    </ClCompile>
    <ClCompile Include="AssemblyInfo.cpp">
      <Filter>Source Files</Filter>
    </ClCompile>
    <ClCompile Include="pch.cpp">
      <Filter>Source Files</Filter>
    </ClCompile>
  </ItemGroup>
  <ItemGroup>
    <ResourceCompile Include="app.rc">
      <Filter>Resource Files</Filter>
    </ResourceCompile>
  </ItemGroup>
  <ItemGroup>
    <Image Include="app.ico">
      <Filter>Resource Files</Filter>
    </Image>
  </ItemGroup>
</Project>