<?xml version="1.0" encoding="utf-8"?>
<Project ToolsVersion="4.0" xmlns="http://schemas.microsoft.com/developer/msbuild/2003">
  <ItemGroup>
    <Filter Include="Source Files">
      <UniqueIdentifier>{4FC737F1-C7A5-4376-A066-2A32D752A2FF}</UniqueIdentifier>
      <Extensions>cpp;c;cc;cxx;c++;def;odl;idl;hpj;bat;asm;asmx</Extensions>
    </Filter>
    <Filter Include="Header Files">
      <UniqueIdentifier>{93995380-89BD-4b04-88EB-625FBE52EBFB}</UniqueIdentifier>
      <Extensions>h;hh;hpp;hxx;h++;hm;inl;inc;ipp;xsd</Extensions>
    </Filter>
    <Filter Include="Resource Files">
      <UniqueIdentifier>{67DA6AB6-F800-4c08-8B7A-83BB121AAD01}</UniqueIdentifier>
      <Extensions>rc;ico;cur;bmp;dlg;rc2;rct;bin;rgs;gif;jpg;jpeg;jpe;resx;tiff;tif;png;wav;mfcribbon-ms</Extensions>
    </Filter>
  </ItemGroup>
  <ItemGroup>
    <ClInclude Include="DirectX.D3D12.h">
      <Filter>Header Files</Filter>
    </ClInclude>
    <ClInclude Include="Resource.h">
      <Filter>Header Files</Filter>
    </ClInclude>
    <ClInclude Include="pch.h">
      <Filter>Header Files</Filter>
    </ClInclude>
    <ClInclude Include="D3D12_COMMAND_LIST_TYPE.h">
      <Filter>Header Files</Filter>
    </ClInclude>
    <ClInclude Include="D3D12_COMMAND_QUEUE_FLAGS.h">
      <Filter>Header Files</Filter>
    </ClInclude>
    <ClInclude Include="D3D12_COMMAND_QUEUE_PRIORITY.h">
      <Filter>Header Files</Filter>
    </ClInclude>
    <ClInclude Include="D3D12_COMMAND_QUEUE_DESC.h">
      <Filter>Header Files</Filter>
    </ClInclude>
    <ClInclude Include="D3D12_PRIMITIVE_TOPOLOGY_TYPE.h">
      <Filter>Header Files</Filter>
    </ClInclude>
    <ClInclude Include="D3D12_INPUT_CLASSIFICATION.h">
      <Filter>Header Files</Filter>
    </ClInclude>
    <ClInclude Include="D3D12_INPUT_ELEMENT_DESC.h">
      <Filter>Header Files</Filter>
    </ClInclude>
    <ClInclude Include="D3D12_FILL_MODE.h">
      <Filter>Header Files</Filter>
    </ClInclude>
    <ClInclude Include="D3D12_CULL_MODE.h">
      <Filter>Header Files</Filter>
    </ClInclude>
    <ClInclude Include="D3D12_SO_DECLARATION_ENTRY.h">
      <Filter>Header Files</Filter>
    </ClInclude>
    <ClInclude Include="D3D12_VIEWPORT.h">
      <Filter>Header Files</Filter>
    </ClInclude>
    <ClInclude Include="D3D12_BOX.h">
      <Filter>Header Files</Filter>
    </ClInclude>
    <ClInclude Include="D3D12_COMPARISON_FUNC.h">
      <Filter>Header Files</Filter>
    </ClInclude>
    <ClInclude Include="D3D12_DEPTH_WRITE_MASK.h">
      <Filter>Header Files</Filter>
    </ClInclude>
    <ClInclude Include="D3D12_STENCIL_OP.h">
      <Filter>Header Files</Filter>
    </ClInclude>
    <ClInclude Include="D3D12_DEPTH_STENCILOP_DESC.h">
      <Filter>Header Files</Filter>
    </ClInclude>
    <ClInclude Include="D3D12_DEPTH_STENCIL_DESC.h">
      <Filter>Header Files</Filter>
    </ClInclude>
    <ClInclude Include="D3D12_DEPTH_STENCIL_DESC1.h">
      <Filter>Header Files</Filter>
    </ClInclude>
    <ClInclude Include="D3D12_BLEND.h">
      <Filter>Header Files</Filter>
    </ClInclude>
    <ClInclude Include="D3D12_BLEND_OP.h">
      <Filter>Header Files</Filter>
    </ClInclude>
    <ClInclude Include="D3D12_COLOR_WRITE_ENABLE.h">
      <Filter>Header Files</Filter>
    </ClInclude>
    <ClInclude Include="D3D12_LOGIC_OP.h">
      <Filter>Header Files</Filter>
    </ClInclude>
    <ClInclude Include="D3D12_RENDER_TARGET_BLEND_DESC.h">
      <Filter>Header Files</Filter>
    </ClInclude>
    <ClInclude Include="D3D12_BLEND_DESC.h">
      <Filter>Header Files</Filter>
    </ClInclude>
    <ClInclude Include="D3D12_CONSERVATIVE_RASTERIZATION_MODE.h">
      <Filter>Header Files</Filter>
    </ClInclude>
    <ClInclude Include="D3D12_RASTERIZER_DESC.h">
      <Filter>Header Files</Filter>
    </ClInclude>
    <ClInclude Include="ID3D12Object.h">
      <Filter>Header Files</Filter>
    </ClInclude>
    <ClInclude Include="ID3D12DeviceChild.h">
      <Filter>Header Files</Filter>
    </ClInclude>
    <ClInclude Include="ID3D12RootSignature.h">
      <Filter>Header Files</Filter>
    </ClInclude>
    <ClInclude Include="D3D12_SHADER_BYTECODE.h">
      <Filter>Header Files</Filter>
    </ClInclude>
    <ClInclude Include="D3D12_STREAM_OUTPUT_DESC.h">
      <Filter>Header Files</Filter>
    </ClInclude>
    <ClInclude Include="D3D12_INPUT_LAYOUT_DESC.h">
      <Filter>Header Files</Filter>
    </ClInclude>
    <ClInclude Include="D3D12_INDEX_BUFFER_STRIP_CUT_VALUE.h">
      <Filter>Header Files</Filter>
    </ClInclude>
    <ClInclude Include="D3D12_CACHED_PIPELINE_STATE.h">
      <Filter>Header Files</Filter>
    </ClInclude>
    <ClInclude Include="D3D12_PIPELINE_STATE_FLAGS.h">
      <Filter>Header Files</Filter>
    </ClInclude>
    <ClInclude Include="D3D12_GRAPHICS_PIPELINE_STATE_DESC.h">
      <Filter>Header Files</Filter>
    </ClInclude>
    <ClInclude Include="D3D12_COMPUTE_PIPELINE_STATE_DESC.h">
      <Filter>Header Files</Filter>
    </ClInclude>
    <ClInclude Include="D3D12_RT_FORMAT_ARRAY.h">
      <Filter>Header Files</Filter>
    </ClInclude>
    <ClInclude Include="D3D12_PIPELINE_STATE_STREAM_DESC.h">
      <Filter>Header Files</Filter>
    </ClInclude>
    <ClInclude Include="D3D12_PIPELINE_STATE_SUBOBJECT_TYPE.h">
      <Filter>Header Files</Filter>
    </ClInclude>
    <ClInclude Include="D3D12_FEATURE.h">
      <Filter>Header Files</Filter>
    </ClInclude>
    <ClInclude Include="D3D12_SHADER_MIN_PRECISION_SUPPORT.h">
      <Filter>Header Files</Filter>
    </ClInclude>
    <ClInclude Include="D3D12_TILED_RESOURCES_TIER.h">
      <Filter>Header Files</Filter>
    </ClInclude>
    <ClInclude Include="D3D12_RESOURCE_BINDING_TIER.h">
      <Filter>Header Files</Filter>
    </ClInclude>
    <ClInclude Include="D3D12_CONSERVATIVE_RASTERIZATION_TIER.h">
      <Filter>Header Files</Filter>
    </ClInclude>
    <ClInclude Include="D3D12_FORMAT_SUPPORT1.h">
      <Filter>Header Files</Filter>
    </ClInclude>
    <ClInclude Include="D3D12_FORMAT_SUPPORT2.h">
      <Filter>Header Files</Filter>
    </ClInclude>
    <ClInclude Include="D3D12_MULTISAMPLE_QUALITY_LEVEL_FLAGS.h">
      <Filter>Header Files</Filter>
    </ClInclude>
    <ClInclude Include="D3D12_CROSS_NODE_SHARING_TIER.h">
      <Filter>Header Files</Filter>
    </ClInclude>
    <ClInclude Include="D3D12_RESOURCE_HEAP_TIER.h">
      <Filter>Header Files</Filter>
    </ClInclude>
    <ClInclude Include="D3D12_PROGRAMMABLE_SAMPLE_POSITIONS_TIER.h">
      <Filter>Header Files</Filter>
    </ClInclude>
    <ClInclude Include="D3D12_VIEW_INSTANCING_TIER.h">
      <Filter>Header Files</Filter>
    </ClInclude>
    <ClInclude Include="D3D12_FEATURE_DATA_D3D12_OPTIONS.h">
      <Filter>Header Files</Filter>
    </ClInclude>
    <ClInclude Include="D3D12_FEATURE_DATA_D3D12_OPTIONS1.h">
      <Filter>Header Files</Filter>
    </ClInclude>
    <ClInclude Include="D3D12_FEATURE_DATA_D3D12_OPTIONS2.h">
      <Filter>Header Files</Filter>
    </ClInclude>
    <ClInclude Include="D3D_ROOT_SIGNATURE_VERSION.h">
      <Filter>Header Files</Filter>
    </ClInclude>
    <ClInclude Include="D3D12_FEATURE_DATA_ROOT_SIGNATURE.h">
      <Filter>Header Files</Filter>
    </ClInclude>
    <ClInclude Include="D3D12_FEATURE_DATA_ARCHITECTURE.h">
      <Filter>Header Files</Filter>
    </ClInclude>
    <ClInclude Include="D3D12_FEATURE_DATA_ARCHITECTURE1.h">
      <Filter>Header Files</Filter>
    </ClInclude>
    <ClInclude Include="D3D12_FEATURE_DATA_FEATURE_LEVELS.h">
      <Filter>Header Files</Filter>
    </ClInclude>
    <ClInclude Include="D3D_SHADER_MODEL.h">
      <Filter>Header Files</Filter>
    </ClInclude>
    <ClInclude Include="D3D12_FEATURE_DATA_SHADER_MODEL.h">
      <Filter>Header Files</Filter>
    </ClInclude>
    <ClInclude Include="D3D12_FEATURE_DATA_FORMAT_SUPPORT.h">
      <Filter>Header Files</Filter>
    </ClInclude>
    <ClInclude Include="D3D12_FEATURE_DATA_MULTISAMPLE_QUALITY_LEVELS.h">
      <Filter>Header Files</Filter>
    </ClInclude>
    <ClInclude Include="D3D12_FEATURE_DATA_FORMAT_INFO.h">
      <Filter>Header Files</Filter>
    </ClInclude>
    <ClInclude Include="D3D12_FEATURE_DATA_GPU_VIRTUAL_ADDRESS_SUPPORT.h">
      <Filter>Header Files</Filter>
    </ClInclude>
    <ClInclude Include="D3D12_SHADER_CACHE_SUPPORT_FLAGS.h">
      <Filter>Header Files</Filter>
    </ClInclude>
    <ClInclude Include="D3D12_FEATURE_DATA_SHADER_CACHE.h">
      <Filter>Header Files</Filter>
    </ClInclude>
    <ClInclude Include="D3D12_FEATURE_DATA_COMMAND_QUEUE_PRIORITY.h">
      <Filter>Header Files</Filter>
    </ClInclude>
    <ClInclude Include="D3D12_COMMAND_LIST_SUPPORT_FLAGS.h">
      <Filter>Header Files</Filter>
    </ClInclude>
    <ClInclude Include="D3D12_FEATURE_DATA_D3D12_OPTIONS3.h">
      <Filter>Header Files</Filter>
    </ClInclude>
    <ClInclude Include="D3D12_FEATURE_DATA_EXISTING_HEAPS.h">
      <Filter>Header Files</Filter>
    </ClInclude>
    <ClInclude Include="D3D12_SHARED_RESOURCE_COMPATIBILITY_TIER.h">
      <Filter>Header Files</Filter>
    </ClInclude>
    <ClInclude Include="D3D12_FEATURE_DATA_D3D12_OPTIONS4.h">
      <Filter>Header Files</Filter>
    </ClInclude>
    <ClInclude Include="D3D12_HEAP_SERIALIZATION_TIER.h">
      <Filter>Header Files</Filter>
    </ClInclude>
    <ClInclude Include="D3D12_FEATURE_DATA_SERIALIZATION.h">
      <Filter>Header Files</Filter>
    </ClInclude>
    <ClInclude Include="D3D12_FEATURE_DATA_D3D12_OPTIONS5.h">
      <Filter>Header Files</Filter>
    </ClInclude>
    <ClInclude Include="D3D12_VARIABLE_SHADING_RATE_TIER.h">
      <Filter>Header Files</Filter>
    </ClInclude>
    <ClInclude Include="D3D12_FEATURE_DATA_D3D12_OPTIONS6.h">
      <Filter>Header Files</Filter>
    </ClInclude>
    <ClInclude Include="D3D12_MESH_SHADER_TIER.h">
      <Filter>Header Files</Filter>
    </ClInclude>
    <ClInclude Include="D3D12_SAMPLER_FEEDBACK_TIER.h">
      <Filter>Header Files</Filter>
    </ClInclude>
    <ClInclude Include="D3D12_FEATURE_DATA_D3D12_OPTIONS7.h">
      <Filter>Header Files</Filter>
    </ClInclude>
    <ClInclude Include="D3D12_FEATURE_DATA_QUERY_META_COMMAND.h">
      <Filter>Header Files</Filter>
    </ClInclude>
    <ClInclude Include="D3D12_RESOURCE_ALLOCATION_INFO.h">
      <Filter>Header Files</Filter>
    </ClInclude>
    <ClInclude Include="D3D12_RESOURCE_ALLOCATION_INFO1.h">
      <Filter>Header Files</Filter>
    </ClInclude>
    <ClInclude Include="D3D12_HEAP_TYPE.h">
      <Filter>Header Files</Filter>
    </ClInclude>
    <ClInclude Include="D3D12_CPU_PAGE_PROPERTY.h">
      <Filter>Header Files</Filter>
    </ClInclude>
    <ClInclude Include="D3D12_MEMORY_POOL.h">
      <Filter>Header Files</Filter>
    </ClInclude>
    <ClInclude Include="D3D12_HEAP_PROPERTIES.h">
      <Filter>Header Files</Filter>
    </ClInclude>
    <ClInclude Include="D3D12_HEAP_FLAGS.h">
      <Filter>Header Files</Filter>
    </ClInclude>
    <ClInclude Include="D3D12_HEAP_DESC.h">
      <Filter>Header Files</Filter>
    </ClInclude>
    <ClInclude Include="D3D12_RESOURCE_DIMENSION.h">
      <Filter>Header Files</Filter>
    </ClInclude>
    <ClInclude Include="D3D12_TEXTURE_LAYOUT.h">
      <Filter>Header Files</Filter>
    </ClInclude>
    <ClInclude Include="D3D12_RESOURCE_FLAGS.h">
      <Filter>Header Files</Filter>
    </ClInclude>
    <ClInclude Include="D3D12_MIP_REGION.h">
      <Filter>Header Files</Filter>
    </ClInclude>
    <ClInclude Include="D3D12_RESOURCE_DESC.h">
      <Filter>Header Files</Filter>
    </ClInclude>
    <ClInclude Include="D3D12_RESOURCE_DESC1.h">
      <Filter>Header Files</Filter>
    </ClInclude>
    <ClInclude Include="D3D12_DEPTH_STENCIL_VALUE.h">
      <Filter>Header Files</Filter>
    </ClInclude>
    <ClInclude Include="D3D12_CLEAR_VALUE.h">
      <Filter>Header Files</Filter>
    </ClInclude>
    <ClInclude Include="D3D12_RANGE.h">
      <Filter>Header Files</Filter>
    </ClInclude>
    <ClInclude Include="D3D12_RANGE_UINT64.h">
      <Filter>Header Files</Filter>
    </ClInclude>
    <ClInclude Include="D3D12_SUBRESOURCE_RANGE_UINT64.h">
      <Filter>Header Files</Filter>
    </ClInclude>
    <ClInclude Include="D3D12_SUBRESOURCE_INFO.h">
      <Filter>Header Files</Filter>
    </ClInclude>
    <ClInclude Include="D3D12_TILED_RESOURCE_COORDINATE.h">
      <Filter>Header Files</Filter>
    </ClInclude>
    <ClInclude Include="D3D12_TILE_REGION_SIZE.h">
      <Filter>Header Files</Filter>
    </ClInclude>
    <ClInclude Include="D3D12_TILE_RANGE_FLAGS.h">
      <Filter>Header Files</Filter>
    </ClInclude>
    <ClInclude Include="D3D12_SUBRESOURCE_TILING.h">
      <Filter>Header Files</Filter>
    </ClInclude>
    <ClInclude Include="D3D12_TILE_SHAPE.h">
      <Filter>Header Files</Filter>
    </ClInclude>
    <ClInclude Include="D3D12_PACKED_MIP_INFO.h">
      <Filter>Header Files</Filter>
    </ClInclude>
    <ClInclude Include="D3D12_TILE_MAPPING_FLAGS.h">
      <Filter>Header Files</Filter>
    </ClInclude>
    <ClInclude Include="D3D12_TILE_COPY_FLAGS.h">
      <Filter>Header Files</Filter>
    </ClInclude>
    <ClInclude Include="D3D12_RESOURCE_STATES.h">
      <Filter>Header Files</Filter>
    </ClInclude>
    <ClInclude Include="D3D12_RESOURCE_BARRIER_TYPE.h">
      <Filter>Header Files</Filter>
    </ClInclude>
    <ClInclude Include="D3D12_RESOURCE_TRANSITION_BARRIER.h">
      <Filter>Header Files</Filter>
    </ClInclude>
    <ClInclude Include="D3D12_RAYTRACING_TIER.h">
      <Filter>Header Files</Filter>
    </ClInclude>
    <ClInclude Include="D3D12_RENDER_PASS_TIER.h">
      <Filter>Header Files</Filter>
    </ClInclude>
    <ClInclude Include="D3D12_FEATURE_DATA_CROSS_NODE.h">
      <Filter>Header Files</Filter>
    </ClInclude>
    <ClInclude Include="D3D12_RESOURCE_ALIASING_BARRIER.h">
      <Filter>Header Files</Filter>
    </ClInclude>
    <ClInclude Include="D3D12_RESOURCE_UAV_BARRIER.h">
      <Filter>Header Files</Filter>
    </ClInclude>
    <ClInclude Include="D3D12_RESOURCE_BARRIER_FLAGS.h">
      <Filter>Header Files</Filter>
    </ClInclude>
    <ClInclude Include="D3D12_RESOURCE_BARRIER.h">
      <Filter>Header Files</Filter>
    </ClInclude>
    <ClInclude Include="D3D12_SUBRESOURCE_FOOTPRINT.h">
      <Filter>Header Files</Filter>
    </ClInclude>
    <ClInclude Include="D3D12_PLACED_SUBRESOURCE_FOOTPRINT.h">
      <Filter>Header Files</Filter>
    </ClInclude>
    <ClInclude Include="D3D12_TEXTURE_COPY_TYPE.h">
      <Filter>Header Files</Filter>
    </ClInclude>
    <ClInclude Include="D3D12_TEXTURE_COPY_LOCATION.h">
      <Filter>Header Files</Filter>
    </ClInclude>
    <ClInclude Include="D3D12_RESOLVE_MODE.h">
      <Filter>Header Files</Filter>
    </ClInclude>
    <ClInclude Include="D3D12_SAMPLE_POSITION.h">
      <Filter>Header Files</Filter>
    </ClInclude>
    <ClInclude Include="D3D12_VIEW_INSTANCE_LOCATION.h">
      <Filter>Header Files</Filter>
    </ClInclude>
    <ClInclude Include="D3D12_VIEW_INSTANCING_FLAGS.h">
      <Filter>Header Files</Filter>
    </ClInclude>
    <ClInclude Include="D3D12_VIEW_INSTANCING_DESC.h">
      <Filter>Header Files</Filter>
    </ClInclude>
    <ClInclude Include="D3D12_SHADER_COMPONENT_MAPPING.h">
      <Filter>Header Files</Filter>
    </ClInclude>
  </ItemGroup>
  <ItemGroup>
    <ClCompile Include="DirectX.D3D12.cpp">
      <Filter>Source Files</Filter>
    </ClCompile>
    <ClCompile Include="AssemblyInfo.cpp">
      <Filter>Source Files</Filter>
    </ClCompile>
    <ClCompile Include="pch.cpp">
      <Filter>Source Files</Filter>
    </ClCompile>
  </ItemGroup>
  <ItemGroup>
    <ResourceCompile Include="app.rc">
      <Filter>Resource Files</Filter>
    </ResourceCompile>
  </ItemGroup>
  <ItemGroup>
    <Image Include="app.ico">
      <Filter>Resource Files</Filter>
    </Image>
  </ItemGroup>
</Project>